// !$*UTF8*$!
{
	archiveVersion = 1;
	classes = {
	};
	objectVersion = 55;
	objects = {

/* Begin PBXBuildFile section */
		801490162752B99D006F51EC /* ImageGroup+CoreDataProperties.swift in Sources */ = {isa = PBXBuildFile; fileRef = 801490142752B99D006F51EC /* ImageGroup+CoreDataProperties.swift */; };
		80292EE827513D0800CCA69E /* local_image_dataset.json in Resources */ = {isa = PBXBuildFile; fileRef = 80292EE727513D0800CCA69E /* local_image_dataset.json */; };
		80B2489C276D6DA400FC400B /* LocationManager.swift in Sources */ = {isa = PBXBuildFile; fileRef = 80B2489B276D6DA400FC400B /* LocationManager.swift */; };
		80C17044274F406E00397D63 /* AppDelegate.swift in Sources */ = {isa = PBXBuildFile; fileRef = 80C17043274F406E00397D63 /* AppDelegate.swift */; };
		80C17046274F406E00397D63 /* SceneDelegate.swift in Sources */ = {isa = PBXBuildFile; fileRef = 80C17045274F406E00397D63 /* SceneDelegate.swift */; };
		80C1704B274F406E00397D63 /* Main.storyboard in Resources */ = {isa = PBXBuildFile; fileRef = 80C17049274F406E00397D63 /* Main.storyboard */; };
		80C1704E274F406E00397D63 /* past_nyc.xcdatamodeld in Sources */ = {isa = PBXBuildFile; fileRef = 80C1704C274F406E00397D63 /* past_nyc.xcdatamodeld */; };
		80C17050274F406F00397D63 /* Assets.xcassets in Resources */ = {isa = PBXBuildFile; fileRef = 80C1704F274F406F00397D63 /* Assets.xcassets */; };
		80C17053274F406F00397D63 /* LaunchScreen.storyboard in Resources */ = {isa = PBXBuildFile; fileRef = 80C17051274F406F00397D63 /* LaunchScreen.storyboard */; };
		80C1705C274F40F600397D63 /* MapKit.framework in Frameworks */ = {isa = PBXBuildFile; fileRef = 80C1705B274F40F600397D63 /* MapKit.framework */; };
		80C17063274FFA6C00397D63 /* DataLoader.swift in Sources */ = {isa = PBXBuildFile; fileRef = 80C17062274FFA6C00397D63 /* DataLoader.swift */; };
		80C17067275003AD00397D63 /* NearbyImagesViewController.swift in Sources */ = {isa = PBXBuildFile; fileRef = 80C17066275003AD00397D63 /* NearbyImagesViewController.swift */; };
		80C17069275003D000397D63 /* ImageGroupTableViewCell.swift in Sources */ = {isa = PBXBuildFile; fileRef = 80C17068275003D000397D63 /* ImageGroupTableViewCell.swift */; };
		80C1706B275003E500397D63 /* HistoricalImageCollectionViewCell.swift in Sources */ = {isa = PBXBuildFile; fileRef = 80C1706A275003E500397D63 /* HistoricalImageCollectionViewCell.swift */; };
		80C1707027500ECD00397D63 /* HistoricalImage+CoreDataClass.swift in Sources */ = {isa = PBXBuildFile; fileRef = 80C1706C27500ECD00397D63 /* HistoricalImage+CoreDataClass.swift */; };
		80C1707127500ECD00397D63 /* HistoricalImage+CoreDataProperties.swift in Sources */ = {isa = PBXBuildFile; fileRef = 80C1706D27500ECD00397D63 /* HistoricalImage+CoreDataProperties.swift */; };
		80C1707227500ECD00397D63 /* ImageGroup+CoreDataClass.swift in Sources */ = {isa = PBXBuildFile; fileRef = 80C1706E27500ECD00397D63 /* ImageGroup+CoreDataClass.swift */; };
		80C1707A27502D3100397D63 /* ExploreMapViewController.swift in Sources */ = {isa = PBXBuildFile; fileRef = 80C1707927502D3100397D63 /* ExploreMapViewController.swift */; };
		80C1707C27502D5100397D63 /* PopupImageAnnotationView.swift in Sources */ = {isa = PBXBuildFile; fileRef = 80C1707B27502D5100397D63 /* PopupImageAnnotationView.swift */; };
		80C1707E27502D5C00397D63 /* WrapperAnnotationView.swift in Sources */ = {isa = PBXBuildFile; fileRef = 80C1707D27502D5C00397D63 /* WrapperAnnotationView.swift */; };
		80C1708027502D7600397D63 /* ClusterDetailViewController.swift in Sources */ = {isa = PBXBuildFile; fileRef = 80C1707F27502D7600397D63 /* ClusterDetailViewController.swift */; };
		80C1708227502D8800397D63 /* ImageDetailViewController.swift in Sources */ = {isa = PBXBuildFile; fileRef = 80C1708127502D8800397D63 /* ImageDetailViewController.swift */; };
		80C1708527502DAD00397D63 /* Colors.swift in Sources */ = {isa = PBXBuildFile; fileRef = 80C1708427502DAD00397D63 /* Colors.swift */; };
		80C1708727506CDD00397D63 /* MapClusterImageCollectionViewCell.swift in Sources */ = {isa = PBXBuildFile; fileRef = 80C1708627506CDD00397D63 /* MapClusterImageCollectionViewCell.swift */; };
/* End PBXBuildFile section */

/* Begin PBXFileReference section */
		801490142752B99D006F51EC /* ImageGroup+CoreDataProperties.swift */ = {isa = PBXFileReference; lastKnownFileType = sourcecode.swift; path = "ImageGroup+CoreDataProperties.swift"; sourceTree = "<group>"; };
		80292EE727513D0800CCA69E /* local_image_dataset.json */ = {isa = PBXFileReference; fileEncoding = 4; lastKnownFileType = text.json; path = local_image_dataset.json; sourceTree = "<group>"; };
		80B2489B276D6DA400FC400B /* LocationManager.swift */ = {isa = PBXFileReference; lastKnownFileType = sourcecode.swift; path = LocationManager.swift; sourceTree = "<group>"; };
		80C17040274F406E00397D63 /* past-nyc.app */ = {isa = PBXFileReference; explicitFileType = wrapper.application; includeInIndex = 0; path = "past-nyc.app"; sourceTree = BUILT_PRODUCTS_DIR; };
		80C17043274F406E00397D63 /* AppDelegate.swift */ = {isa = PBXFileReference; lastKnownFileType = sourcecode.swift; path = AppDelegate.swift; sourceTree = "<group>"; };
		80C17045274F406E00397D63 /* SceneDelegate.swift */ = {isa = PBXFileReference; lastKnownFileType = sourcecode.swift; path = SceneDelegate.swift; sourceTree = "<group>"; };
		80C1704A274F406E00397D63 /* Base */ = {isa = PBXFileReference; lastKnownFileType = file.storyboard; name = Base; path = Base.lproj/Main.storyboard; sourceTree = "<group>"; };
		80C1704D274F406E00397D63 /* past_nyc.xcdatamodel */ = {isa = PBXFileReference; lastKnownFileType = wrapper.xcdatamodel; path = past_nyc.xcdatamodel; sourceTree = "<group>"; };
		80C1704F274F406F00397D63 /* Assets.xcassets */ = {isa = PBXFileReference; lastKnownFileType = folder.assetcatalog; path = Assets.xcassets; sourceTree = "<group>"; };
		80C17052274F406F00397D63 /* Base */ = {isa = PBXFileReference; lastKnownFileType = file.storyboard; name = Base; path = Base.lproj/LaunchScreen.storyboard; sourceTree = "<group>"; };
		80C17054274F406F00397D63 /* Info.plist */ = {isa = PBXFileReference; lastKnownFileType = text.plist.xml; path = Info.plist; sourceTree = "<group>"; };
		80C1705B274F40F600397D63 /* MapKit.framework */ = {isa = PBXFileReference; lastKnownFileType = wrapper.framework; name = MapKit.framework; path = System/Library/Frameworks/MapKit.framework; sourceTree = SDKROOT; };
		80C17062274FFA6C00397D63 /* DataLoader.swift */ = {isa = PBXFileReference; lastKnownFileType = sourcecode.swift; path = DataLoader.swift; sourceTree = "<group>"; };
		80C17066275003AD00397D63 /* NearbyImagesViewController.swift */ = {isa = PBXFileReference; lastKnownFileType = sourcecode.swift; path = NearbyImagesViewController.swift; sourceTree = "<group>"; };
		80C17068275003D000397D63 /* ImageGroupTableViewCell.swift */ = {isa = PBXFileReference; lastKnownFileType = sourcecode.swift; path = ImageGroupTableViewCell.swift; sourceTree = "<group>"; };
		80C1706A275003E500397D63 /* HistoricalImageCollectionViewCell.swift */ = {isa = PBXFileReference; lastKnownFileType = sourcecode.swift; path = HistoricalImageCollectionViewCell.swift; sourceTree = "<group>"; };
		80C1706C27500ECD00397D63 /* HistoricalImage+CoreDataClass.swift */ = {isa = PBXFileReference; lastKnownFileType = sourcecode.swift; path = "HistoricalImage+CoreDataClass.swift"; sourceTree = "<group>"; };
		80C1706D27500ECD00397D63 /* HistoricalImage+CoreDataProperties.swift */ = {isa = PBXFileReference; lastKnownFileType = sourcecode.swift; path = "HistoricalImage+CoreDataProperties.swift"; sourceTree = "<group>"; };
		80C1706E27500ECD00397D63 /* ImageGroup+CoreDataClass.swift */ = {isa = PBXFileReference; lastKnownFileType = sourcecode.swift; path = "ImageGroup+CoreDataClass.swift"; sourceTree = "<group>"; };
		80C1707927502D3100397D63 /* ExploreMapViewController.swift */ = {isa = PBXFileReference; lastKnownFileType = sourcecode.swift; path = ExploreMapViewController.swift; sourceTree = "<group>"; };
		80C1707B27502D5100397D63 /* PopupImageAnnotationView.swift */ = {isa = PBXFileReference; lastKnownFileType = sourcecode.swift; path = PopupImageAnnotationView.swift; sourceTree = "<group>"; };
		80C1707D27502D5C00397D63 /* WrapperAnnotationView.swift */ = {isa = PBXFileReference; lastKnownFileType = sourcecode.swift; path = WrapperAnnotationView.swift; sourceTree = "<group>"; };
		80C1707F27502D7600397D63 /* ClusterDetailViewController.swift */ = {isa = PBXFileReference; lastKnownFileType = sourcecode.swift; path = ClusterDetailViewController.swift; sourceTree = "<group>"; };
		80C1708127502D8800397D63 /* ImageDetailViewController.swift */ = {isa = PBXFileReference; lastKnownFileType = sourcecode.swift; path = ImageDetailViewController.swift; sourceTree = "<group>"; };
		80C1708427502DAD00397D63 /* Colors.swift */ = {isa = PBXFileReference; lastKnownFileType = sourcecode.swift; path = Colors.swift; sourceTree = "<group>"; };
		80C1708627506CDD00397D63 /* MapClusterImageCollectionViewCell.swift */ = {isa = PBXFileReference; lastKnownFileType = sourcecode.swift; path = MapClusterImageCollectionViewCell.swift; sourceTree = "<group>"; };
/* End PBXFileReference section */

/* Begin PBXFrameworksBuildPhase section */
		80C1703D274F406E00397D63 /* Frameworks */ = {
			isa = PBXFrameworksBuildPhase;
			buildActionMask = 2147483647;
			files = (
				80C1705C274F40F600397D63 /* MapKit.framework in Frameworks */,
			);
			runOnlyForDeploymentPostprocessing = 0;
		};
/* End PBXFrameworksBuildPhase section */

/* Begin PBXGroup section */
		80B2489A276D6D8200FC400B /* Util */ = {
			isa = PBXGroup;
			children = (
				80C17062274FFA6C00397D63 /* DataLoader.swift */,
				80B2489B276D6DA400FC400B /* LocationManager.swift */,
			);
			path = Util;
			sourceTree = "<group>";
		};
		80C17037274F406E00397D63 = {
			isa = PBXGroup;
			children = (
				80C17042274F406E00397D63 /* past-nyc */,
				80C17041274F406E00397D63 /* Products */,
				80C1705A274F40F600397D63 /* Frameworks */,
			);
			sourceTree = "<group>";
		};
		80C17041274F406E00397D63 /* Products */ = {
			isa = PBXGroup;
			children = (
				80C17040274F406E00397D63 /* past-nyc.app */,
			);
			name = Products;
			sourceTree = "<group>";
		};
		80C17042274F406E00397D63 /* past-nyc */ = {
			isa = PBXGroup;
			children = (
				80B2489A276D6D8200FC400B /* Util */,
				80C170642750038900397D63 /* Scenes */,
				80C17061274FFA3F00397D63 /* Storyboards */,
				80C1705E274FFA1500397D63 /* res */,
				80C1705D274FFA0E00397D63 /* Models */,
				80C17043274F406E00397D63 /* AppDelegate.swift */,
				80C17045274F406E00397D63 /* SceneDelegate.swift */,
				80C17054274F406F00397D63 /* Info.plist */,
			);
			path = "past-nyc";
			sourceTree = "<group>";
		};
		80C1705A274F40F600397D63 /* Frameworks */ = {
			isa = PBXGroup;
			children = (
				80C1705B274F40F600397D63 /* MapKit.framework */,
			);
			name = Frameworks;
			sourceTree = "<group>";
		};
		80C1705D274FFA0E00397D63 /* Models */ = {
			isa = PBXGroup;
			children = (
				80C1706C27500ECD00397D63 /* HistoricalImage+CoreDataClass.swift */,
				80C1706D27500ECD00397D63 /* HistoricalImage+CoreDataProperties.swift */,
				80C1706E27500ECD00397D63 /* ImageGroup+CoreDataClass.swift */,
				801490142752B99D006F51EC /* ImageGroup+CoreDataProperties.swift */,
				80C1704C274F406E00397D63 /* past_nyc.xcdatamodeld */,
			);
			path = Models;
			sourceTree = "<group>";
		};
		80C1705E274FFA1500397D63 /* res */ = {
			isa = PBXGroup;
			children = (
				80292EE727513D0800CCA69E /* local_image_dataset.json */,
				80C1704F274F406F00397D63 /* Assets.xcassets */,
				80C1708427502DAD00397D63 /* Colors.swift */,
			);
			path = res;
			sourceTree = "<group>";
		};
		80C17061274FFA3F00397D63 /* Storyboards */ = {
			isa = PBXGroup;
			children = (
				80C17049274F406E00397D63 /* Main.storyboard */,
				80C17051274F406F00397D63 /* LaunchScreen.storyboard */,
			);
			path = Storyboards;
			sourceTree = "<group>";
		};
		80C170642750038900397D63 /* Scenes */ = {
			isa = PBXGroup;
			children = (
				80C1708327502D8C00397D63 /* Shared */,
				80C1707827502D1300397D63 /* Explore Map */,
				80C170652750039400397D63 /* Nearby Images */,
			);
			path = Scenes;
			sourceTree = "<group>";
		};
		80C170652750039400397D63 /* Nearby Images */ = {
			isa = PBXGroup;
			children = (
				80C17066275003AD00397D63 /* NearbyImagesViewController.swift */,
				80C17068275003D000397D63 /* ImageGroupTableViewCell.swift */,
				80C1706A275003E500397D63 /* HistoricalImageCollectionViewCell.swift */,
			);
			path = "Nearby Images";
			sourceTree = "<group>";
		};
		80C1707827502D1300397D63 /* Explore Map */ = {
			isa = PBXGroup;
			children = (
				80C1707927502D3100397D63 /* ExploreMapViewController.swift */,
				80C1707B27502D5100397D63 /* PopupImageAnnotationView.swift */,
				80C1707D27502D5C00397D63 /* WrapperAnnotationView.swift */,
				80C1707F27502D7600397D63 /* ClusterDetailViewController.swift */,
				80C1708627506CDD00397D63 /* MapClusterImageCollectionViewCell.swift */,
			);
			path = "Explore Map";
			sourceTree = "<group>";
		};
		80C1708327502D8C00397D63 /* Shared */ = {
			isa = PBXGroup;
			children = (
				80C1708127502D8800397D63 /* ImageDetailViewController.swift */,
			);
			path = Shared;
			sourceTree = "<group>";
		};
/* End PBXGroup section */

/* Begin PBXNativeTarget section */
		80C1703F274F406E00397D63 /* past-nyc */ = {
			isa = PBXNativeTarget;
			buildConfigurationList = 80C17057274F406F00397D63 /* Build configuration list for PBXNativeTarget "past-nyc" */;
			buildPhases = (
				80C1703C274F406E00397D63 /* Sources */,
				80C1703D274F406E00397D63 /* Frameworks */,
				80C1703E274F406E00397D63 /* Resources */,
			);
			buildRules = (
			);
			dependencies = (
			);
			name = "past-nyc";
			productName = "past-nyc";
			productReference = 80C17040274F406E00397D63 /* past-nyc.app */;
			productType = "com.apple.product-type.application";
		};
/* End PBXNativeTarget section */

/* Begin PBXProject section */
		80C17038274F406E00397D63 /* Project object */ = {
			isa = PBXProject;
			attributes = {
				BuildIndependentTargetsInParallel = 1;
				LastSwiftUpdateCheck = 1310;
				LastUpgradeCheck = 1310;
				TargetAttributes = {
					80C1703F274F406E00397D63 = {
						CreatedOnToolsVersion = 13.1;
					};
				};
			};
			buildConfigurationList = 80C1703B274F406E00397D63 /* Build configuration list for PBXProject "past-nyc" */;
			compatibilityVersion = "Xcode 13.0";
			developmentRegion = en;
			hasScannedForEncodings = 0;
			knownRegions = (
				en,
				Base,
			);
			mainGroup = 80C17037274F406E00397D63;
			productRefGroup = 80C17041274F406E00397D63 /* Products */;
			projectDirPath = "";
			projectRoot = "";
			targets = (
				80C1703F274F406E00397D63 /* past-nyc */,
			);
		};
/* End PBXProject section */

/* Begin PBXResourcesBuildPhase section */
		80C1703E274F406E00397D63 /* Resources */ = {
			isa = PBXResourcesBuildPhase;
			buildActionMask = 2147483647;
			files = (
				80C17053274F406F00397D63 /* LaunchScreen.storyboard in Resources */,
				80C17050274F406F00397D63 /* Assets.xcassets in Resources */,
				80292EE827513D0800CCA69E /* local_image_dataset.json in Resources */,
				80C1704B274F406E00397D63 /* Main.storyboard in Resources */,
			);
			runOnlyForDeploymentPostprocessing = 0;
		};
/* End PBXResourcesBuildPhase section */

/* Begin PBXSourcesBuildPhase section */
		80C1703C274F406E00397D63 /* Sources */ = {
			isa = PBXSourcesBuildPhase;
			buildActionMask = 2147483647;
			files = (
				80C1708027502D7600397D63 /* ClusterDetailViewController.swift in Sources */,
				80C1707C27502D5100397D63 /* PopupImageAnnotationView.swift in Sources */,
				80C1706B275003E500397D63 /* HistoricalImageCollectionViewCell.swift in Sources */,
				80C1708527502DAD00397D63 /* Colors.swift in Sources */,
				80C17063274FFA6C00397D63 /* DataLoader.swift in Sources */,
				801490162752B99D006F51EC /* ImageGroup+CoreDataProperties.swift in Sources */,
				80C1708727506CDD00397D63 /* MapClusterImageCollectionViewCell.swift in Sources */,
				80C17044274F406E00397D63 /* AppDelegate.swift in Sources */,
				80C1707E27502D5C00397D63 /* WrapperAnnotationView.swift in Sources */,
				80C1704E274F406E00397D63 /* past_nyc.xcdatamodeld in Sources */,
				80C17069275003D000397D63 /* ImageGroupTableViewCell.swift in Sources */,
				80C1707127500ECD00397D63 /* HistoricalImage+CoreDataProperties.swift in Sources */,
				80C17067275003AD00397D63 /* NearbyImagesViewController.swift in Sources */,
				80C1707227500ECD00397D63 /* ImageGroup+CoreDataClass.swift in Sources */,
				80C1707A27502D3100397D63 /* ExploreMapViewController.swift in Sources */,
				80C17046274F406E00397D63 /* SceneDelegate.swift in Sources */,
				80C1707027500ECD00397D63 /* HistoricalImage+CoreDataClass.swift in Sources */,
				80B2489C276D6DA400FC400B /* LocationManager.swift in Sources */,
				80C1708227502D8800397D63 /* ImageDetailViewController.swift in Sources */,
			);
			runOnlyForDeploymentPostprocessing = 0;
		};
/* End PBXSourcesBuildPhase section */

/* Begin PBXVariantGroup section */
		80C17049274F406E00397D63 /* Main.storyboard */ = {
			isa = PBXVariantGroup;
			children = (
				80C1704A274F406E00397D63 /* Base */,
			);
			name = Main.storyboard;
			sourceTree = "<group>";
		};
		80C17051274F406F00397D63 /* LaunchScreen.storyboard */ = {
			isa = PBXVariantGroup;
			children = (
				80C17052274F406F00397D63 /* Base */,
			);
			name = LaunchScreen.storyboard;
			sourceTree = "<group>";
		};
/* End PBXVariantGroup section */

/* Begin XCBuildConfiguration section */
		80C17055274F406F00397D63 /* Debug */ = {
			isa = XCBuildConfiguration;
			buildSettings = {
				ALWAYS_SEARCH_USER_PATHS = NO;
				CLANG_ANALYZER_NONNULL = YES;
				CLANG_ANALYZER_NUMBER_OBJECT_CONVERSION = YES_AGGRESSIVE;
				CLANG_CXX_LANGUAGE_STANDARD = "gnu++17";
				CLANG_CXX_LIBRARY = "libc++";
				CLANG_ENABLE_MODULES = YES;
				CLANG_ENABLE_OBJC_ARC = YES;
				CLANG_ENABLE_OBJC_WEAK = YES;
				CLANG_WARN_BLOCK_CAPTURE_AUTORELEASING = YES;
				CLANG_WARN_BOOL_CONVERSION = YES;
				CLANG_WARN_COMMA = YES;
				CLANG_WARN_CONSTANT_CONVERSION = YES;
				CLANG_WARN_DEPRECATED_OBJC_IMPLEMENTATIONS = YES;
				CLANG_WARN_DIRECT_OBJC_ISA_USAGE = YES_ERROR;
				CLANG_WARN_DOCUMENTATION_COMMENTS = YES;
				CLANG_WARN_EMPTY_BODY = YES;
				CLANG_WARN_ENUM_CONVERSION = YES;
				CLANG_WARN_INFINITE_RECURSION = YES;
				CLANG_WARN_INT_CONVERSION = YES;
				CLANG_WARN_NON_LITERAL_NULL_CONVERSION = YES;
				CLANG_WARN_OBJC_IMPLICIT_RETAIN_SELF = YES;
				CLANG_WARN_OBJC_LITERAL_CONVERSION = YES;
				CLANG_WARN_OBJC_ROOT_CLASS = YES_ERROR;
				CLANG_WARN_QUOTED_INCLUDE_IN_FRAMEWORK_HEADER = YES;
				CLANG_WARN_RANGE_LOOP_ANALYSIS = YES;
				CLANG_WARN_STRICT_PROTOTYPES = YES;
				CLANG_WARN_SUSPICIOUS_MOVE = YES;
				CLANG_WARN_UNGUARDED_AVAILABILITY = YES_AGGRESSIVE;
				CLANG_WARN_UNREACHABLE_CODE = YES;
				CLANG_WARN__DUPLICATE_METHOD_MATCH = YES;
				COPY_PHASE_STRIP = NO;
				DEBUG_INFORMATION_FORMAT = dwarf;
				ENABLE_STRICT_OBJC_MSGSEND = YES;
				ENABLE_TESTABILITY = YES;
				GCC_C_LANGUAGE_STANDARD = gnu11;
				GCC_DYNAMIC_NO_PIC = NO;
				GCC_NO_COMMON_BLOCKS = YES;
				GCC_OPTIMIZATION_LEVEL = 0;
				GCC_PREPROCESSOR_DEFINITIONS = (
					"DEBUG=1",
					"$(inherited)",
				);
				GCC_WARN_64_TO_32_BIT_CONVERSION = YES;
				GCC_WARN_ABOUT_RETURN_TYPE = YES_ERROR;
				GCC_WARN_UNDECLARED_SELECTOR = YES;
				GCC_WARN_UNINITIALIZED_AUTOS = YES_AGGRESSIVE;
				GCC_WARN_UNUSED_FUNCTION = YES;
				GCC_WARN_UNUSED_VARIABLE = YES;
				IPHONEOS_DEPLOYMENT_TARGET = 13.0;
				MTL_ENABLE_DEBUG_INFO = INCLUDE_SOURCE;
				MTL_FAST_MATH = YES;
				ONLY_ACTIVE_ARCH = YES;
				SDKROOT = iphoneos;
				SWIFT_ACTIVE_COMPILATION_CONDITIONS = DEBUG;
				SWIFT_OPTIMIZATION_LEVEL = "-Onone";
			};
			name = Debug;
		};
		80C17056274F406F00397D63 /* Release */ = {
			isa = XCBuildConfiguration;
			buildSettings = {
				ALWAYS_SEARCH_USER_PATHS = NO;
				CLANG_ANALYZER_NONNULL = YES;
				CLANG_ANALYZER_NUMBER_OBJECT_CONVERSION = YES_AGGRESSIVE;
				CLANG_CXX_LANGUAGE_STANDARD = "gnu++17";
				CLANG_CXX_LIBRARY = "libc++";
				CLANG_ENABLE_MODULES = YES;
				CLANG_ENABLE_OBJC_ARC = YES;
				CLANG_ENABLE_OBJC_WEAK = YES;
				CLANG_WARN_BLOCK_CAPTURE_AUTORELEASING = YES;
				CLANG_WARN_BOOL_CONVERSION = YES;
				CLANG_WARN_COMMA = YES;
				CLANG_WARN_CONSTANT_CONVERSION = YES;
				CLANG_WARN_DEPRECATED_OBJC_IMPLEMENTATIONS = YES;
				CLANG_WARN_DIRECT_OBJC_ISA_USAGE = YES_ERROR;
				CLANG_WARN_DOCUMENTATION_COMMENTS = YES;
				CLANG_WARN_EMPTY_BODY = YES;
				CLANG_WARN_ENUM_CONVERSION = YES;
				CLANG_WARN_INFINITE_RECURSION = YES;
				CLANG_WARN_INT_CONVERSION = YES;
				CLANG_WARN_NON_LITERAL_NULL_CONVERSION = YES;
				CLANG_WARN_OBJC_IMPLICIT_RETAIN_SELF = YES;
				CLANG_WARN_OBJC_LITERAL_CONVERSION = YES;
				CLANG_WARN_OBJC_ROOT_CLASS = YES_ERROR;
				CLANG_WARN_QUOTED_INCLUDE_IN_FRAMEWORK_HEADER = YES;
				CLANG_WARN_RANGE_LOOP_ANALYSIS = YES;
				CLANG_WARN_STRICT_PROTOTYPES = YES;
				CLANG_WARN_SUSPICIOUS_MOVE = YES;
				CLANG_WARN_UNGUARDED_AVAILABILITY = YES_AGGRESSIVE;
				CLANG_WARN_UNREACHABLE_CODE = YES;
				CLANG_WARN__DUPLICATE_METHOD_MATCH = YES;
				COPY_PHASE_STRIP = NO;
				DEBUG_INFORMATION_FORMAT = "dwarf-with-dsym";
				ENABLE_NS_ASSERTIONS = NO;
				ENABLE_STRICT_OBJC_MSGSEND = YES;
				GCC_C_LANGUAGE_STANDARD = gnu11;
				GCC_NO_COMMON_BLOCKS = YES;
				GCC_WARN_64_TO_32_BIT_CONVERSION = YES;
				GCC_WARN_ABOUT_RETURN_TYPE = YES_ERROR;
				GCC_WARN_UNDECLARED_SELECTOR = YES;
				GCC_WARN_UNINITIALIZED_AUTOS = YES_AGGRESSIVE;
				GCC_WARN_UNUSED_FUNCTION = YES;
				GCC_WARN_UNUSED_VARIABLE = YES;
				IPHONEOS_DEPLOYMENT_TARGET = 13.0;
				MTL_ENABLE_DEBUG_INFO = NO;
				MTL_FAST_MATH = YES;
				SDKROOT = iphoneos;
				SWIFT_COMPILATION_MODE = wholemodule;
				SWIFT_OPTIMIZATION_LEVEL = "-O";
				VALIDATE_PRODUCT = YES;
			};
			name = Release;
		};
		80C17058274F406F00397D63 /* Debug */ = {
			isa = XCBuildConfiguration;
			buildSettings = {
				ASSETCATALOG_COMPILER_APPICON_NAME = AppIcon;
				ASSETCATALOG_COMPILER_GLOBAL_ACCENT_COLOR_NAME = AccentColor;
				CODE_SIGN_STYLE = Automatic;
				CURRENT_PROJECT_VERSION = 1;
				DEVELOPMENT_TEAM = UTDS9Q6KAY;
				GENERATE_INFOPLIST_FILE = YES;
				INFOPLIST_FILE = "past-nyc/Info.plist";
				INFOPLIST_KEY_CFBundleDisplayName = "PAST NYC";
				INFOPLIST_KEY_UIApplicationSupportsIndirectInputEvents = YES;
				INFOPLIST_KEY_UILaunchStoryboardName = LaunchScreen;
				INFOPLIST_KEY_UIMainStoryboardFile = Main;
				INFOPLIST_KEY_UISupportedInterfaceOrientations = UIInterfaceOrientationPortrait;
				INFOPLIST_KEY_UISupportedInterfaceOrientations_iPad = "UIInterfaceOrientationPortrait UIInterfaceOrientationPortraitUpsideDown UIInterfaceOrientationLandscapeLeft UIInterfaceOrientationLandscapeRight";
				INFOPLIST_KEY_UISupportedInterfaceOrientations_iPhone = "UIInterfaceOrientationPortrait UIInterfaceOrientationLandscapeLeft UIInterfaceOrientationLandscapeRight";
				IPHONEOS_DEPLOYMENT_TARGET = 13.0;
				LD_RUNPATH_SEARCH_PATHS = (
					"$(inherited)",
					"@executable_path/Frameworks",
				);
				MARKETING_VERSION = 1.0;
				PRODUCT_BUNDLE_IDENTIFIER = "com.abkk.dev.past-nyc";
				PRODUCT_NAME = "$(TARGET_NAME)";
				SWIFT_EMIT_LOC_STRINGS = YES;
				SWIFT_VERSION = 5.0;
				TARGETED_DEVICE_FAMILY = "1,2";
			};
			name = Debug;
		};
		80C17059274F406F00397D63 /* Release */ = {
			isa = XCBuildConfiguration;
			buildSettings = {
				ASSETCATALOG_COMPILER_APPICON_NAME = AppIcon;
				ASSETCATALOG_COMPILER_GLOBAL_ACCENT_COLOR_NAME = AccentColor;
				CODE_SIGN_STYLE = Automatic;
				CURRENT_PROJECT_VERSION = 1;
				DEVELOPMENT_TEAM = UTDS9Q6KAY;
				GENERATE_INFOPLIST_FILE = YES;
				INFOPLIST_FILE = "past-nyc/Info.plist";
				INFOPLIST_KEY_CFBundleDisplayName = "PAST NYC";
				INFOPLIST_KEY_UIApplicationSupportsIndirectInputEvents = YES;
				INFOPLIST_KEY_UILaunchStoryboardName = LaunchScreen;
				INFOPLIST_KEY_UIMainStoryboardFile = Main;
				INFOPLIST_KEY_UISupportedInterfaceOrientations = UIInterfaceOrientationPortrait;
				INFOPLIST_KEY_UISupportedInterfaceOrientations_iPad = "UIInterfaceOrientationPortrait UIInterfaceOrientationPortraitUpsideDown UIInterfaceOrientationLandscapeLeft UIInterfaceOrientationLandscapeRight";
				INFOPLIST_KEY_UISupportedInterfaceOrientations_iPhone = "UIInterfaceOrientationPortrait UIInterfaceOrientationLandscapeLeft UIInterfaceOrientationLandscapeRight";
				IPHONEOS_DEPLOYMENT_TARGET = 13.0;
				LD_RUNPATH_SEARCH_PATHS = (
					"$(inherited)",
					"@executable_path/Frameworks",
				);
				MARKETING_VERSION = 1.0;
				PRODUCT_BUNDLE_IDENTIFIER = "com.abkk.dev.past-nyc";
				PRODUCT_NAME = "$(TARGET_NAME)";
				SWIFT_EMIT_LOC_STRINGS = YES;
				SWIFT_VERSION = 5.0;
				TARGETED_DEVICE_FAMILY = "1,2";
			};
			name = Release;
		};
/* End XCBuildConfiguration section */

/* Begin XCConfigurationList section */
		80C1703B274F406E00397D63 /* Build configuration list for PBXProject "past-nyc" */ = {
			isa = XCConfigurationList;
			buildConfigurations = (
				80C17055274F406F00397D63 /* Debug */,
				80C17056274F406F00397D63 /* Release */,
			);
			defaultConfigurationIsVisible = 0;
			defaultConfigurationName = Release;
		};
		80C17057274F406F00397D63 /* Build configuration list for PBXNativeTarget "past-nyc" */ = {
			isa = XCConfigurationList;
			buildConfigurations = (
				80C17058274F406F00397D63 /* Debug */,
				80C17059274F406F00397D63 /* Release */,
			);
			defaultConfigurationIsVisible = 0;
			defaultConfigurationName = Release;
		};
/* End XCConfigurationList section */

/* Begin XCVersionGroup section */
		80C1704C274F406E00397D63 /* past_nyc.xcdatamodeld */ = {
			isa = XCVersionGroup;
			children = (
				80C1704D274F406E00397D63 /* past_nyc.xcdatamodel */,
			);
			currentVersion = 80C1704D274F406E00397D63 /* past_nyc.xcdatamodel */;
			path = past_nyc.xcdatamodeld;
			sourceTree = "<group>";
			versionGroupType = wrapper.xcdatamodel;
		};
/* End XCVersionGroup section */
	};
	rootObject = 80C17038274F406E00397D63 /* Project object */;
}
